{
  "nodes": {
    "home-manager": {
      "inputs": {
        "nixpkgs": [
          "nixpkgs"
        ]
      },
      "locked": {
        "lastModified": 1693713564,
        "narHash": "sha256-00w2uwb4O6Y1e2W5LG5UFyl1ZN3KFG7aoRdYEvT/BqA=",
        "owner": "nix-community",
        "repo": "home-manager",
        "rev": "8e49b883890ccb52c059abb152b00a416342ec1c",
        "type": "github"
      },
      "original": {
        "owner": "nix-community",
        "repo": "home-manager",
        "type": "github"
      }
    },
    "nixpkgs": {
      "locked": {
        "lastModified": 1693780807,
        "narHash": "sha256-diV1X53HjSB3fIcDFieh9tGZkJ3vqJJQhTz89NbYw60=",
        "owner": "nixos",
        "repo": "nixpkgs",
        "rev": "84ef5335abf541d8148433489e0cf79affae3f89",
        "type": "github"
      },
      "original": {
        "owner": "nixos",
        "ref": "nixpkgs-unstable",
        "repo": "nixpkgs",
        "type": "github"
      }
    },
    "root": {
      "inputs": {
        "home-manager": "home-manager",
        "nixpkgs": "nixpkgs"
      }
    }
  },
  "root": "root",
  "version": 7
}
