{
  "nodes": {
    "nixpkgs": {
      "locked": {
        "lastModified": 1788431191,
        "narHash": "sha256-7e4gbOfeZ68RjngxNRlGG1Bez4DRkD2nAyjTwzhyYa8=",
        "rev": "9b9402b959a2276982ddd5ad3652a38b97f7c40b",
        "type": "tarball",
        "url": "https://releases.nixos.org/nixpkgs/nixpkgs-26.11pre1066765.9b9402b959a2/nixexprs.tar.xz"
      },
      "original": {
        "id": "nixpkgs",
        "ref": "nixpkgs-unstable",
        "type": "indirect"
      }
    },
    "root": {
      "inputs": {
        "nixpkgs": "nixpkgs"
      }
    }
  },
  "root": "root",
  "version": 7
}
